// !$*UTF8*$!
{
	archiveVersion = 1;
	classes = {
	};
	objectVersion = 56;
	objects = {

/* Begin PBXBuildFile section */
		D1168DFA2981DB5000C9CB1E /* sticker-strawberry.png in Resources */ = {isa = PBXBuildFile; fileRef = D1168DEA2981DB5000C9CB1E /* sticker-strawberry.png */; };
		D1168DFB2981DB5000C9CB1E /* bell.png in Resources */ = {isa = PBXBuildFile; fileRef = D1168DEB2981DB5000C9CB1E /* bell.png */; };
		D1168DFC2981DB5000C9CB1E /* Quit.png in Resources */ = {isa = PBXBuildFile; fileRef = D1168DEC2981DB5000C9CB1E /* Quit.png */; };
		D1168DFD2981DB5000C9CB1E /* sticker-bell.png in Resources */ = {isa = PBXBuildFile; fileRef = D1168DED2981DB5000C9CB1E /* sticker-bell.png */; };
		D1168DFE2981DB5000C9CB1E /* sticker-seven.png in Resources */ = {isa = PBXBuildFile; fileRef = D1168DEE2981DB5000C9CB1E /* sticker-seven.png */; };
		D1168DFF2981DB5000C9CB1E /* Reset.png in Resources */ = {isa = PBXBuildFile; fileRef = D1168DEF2981DB5000C9CB1E /* Reset.png */; };
		D1168E002981DB5000C9CB1E /* grape.png in Resources */ = {isa = PBXBuildFile; fileRef = D1168DF02981DB5000C9CB1E /* grape.png */; };
		D1168E012981DB5000C9CB1E /* sticker-cherry.png in Resources */ = {isa = PBXBuildFile; fileRef = D1168DF12981DB5000C9CB1E /* sticker-cherry.png */; };
		D1168E022981DB5000C9CB1E /* cherry.png in Resources */ = {isa = PBXBuildFile; fileRef = D1168DF22981DB5000C9CB1E /* cherry.png */; };
		D1168E032981DB5000C9CB1E /* casino-chips.png in Resources */ = {isa = PBXBuildFile; fileRef = D1168DF32981DB5000C9CB1E /* casino-chips.png */; };
		D1168E042981DB5000C9CB1E /* seven-reel.png in Resources */ = {isa = PBXBuildFile; fileRef = D1168DF42981DB5000C9CB1E /* seven-reel.png */; };
		D1168E052981DB5000C9CB1E /* sticker-coin.png in Resources */ = {isa = PBXBuildFile; fileRef = D1168DF52981DB5000C9CB1E /* sticker-coin.png */; };
		D1168E062981DB5000C9CB1E /* reel.png in Resources */ = {isa = PBXBuildFile; fileRef = D1168DF62981DB5000C9CB1E /* reel.png */; };
		D1168E072981DB5000C9CB1E /* strawberry.png in Resources */ = {isa = PBXBuildFile; fileRef = D1168DF72981DB5000C9CB1E /* strawberry.png */; };
		D1168E082981DB5000C9CB1E /* sticker-grape.png in Resources */ = {isa = PBXBuildFile; fileRef = D1168DF82981DB5000C9CB1E /* sticker-grape.png */; };
		D1168E092981DB5000C9CB1E /* coin.png in Resources */ = {isa = PBXBuildFile; fileRef = D1168DF92981DB5000C9CB1E /* coin.png */; };
		D1168E0B2981DBA600C9CB1E /* Background.jpg in Resources */ = {isa = PBXBuildFile; fileRef = D1168E0A2981DBA600C9CB1E /* Background.jpg */; };
		D1168E0D2982151500C9CB1E /* Spin.jpg in Resources */ = {isa = PBXBuildFile; fileRef = D1168E0C2982151500C9CB1E /* Spin.jpg */; };
		D149E4E129808E3400EEE8B2 /* AppDelegate.swift in Sources */ = {isa = PBXBuildFile; fileRef = D149E4E029808E3400EEE8B2 /* AppDelegate.swift */; };
		D149E4E329808E3400EEE8B2 /* GameScene.sks in Resources */ = {isa = PBXBuildFile; fileRef = D149E4E229808E3400EEE8B2 /* GameScene.sks */; };
		D149E4E529808E3400EEE8B2 /* Actions.sks in Resources */ = {isa = PBXBuildFile; fileRef = D149E4E429808E3400EEE8B2 /* Actions.sks */; };
		D149E4E729808E3400EEE8B2 /* GameScene.swift in Sources */ = {isa = PBXBuildFile; fileRef = D149E4E629808E3400EEE8B2 /* GameScene.swift */; };
		D149E4E929808E3400EEE8B2 /* GameViewController.swift in Sources */ = {isa = PBXBuildFile; fileRef = D149E4E829808E3400EEE8B2 /* GameViewController.swift */; };
		D149E4EC29808E3400EEE8B2 /* Main.storyboard in Resources */ = {isa = PBXBuildFile; fileRef = D149E4EA29808E3400EEE8B2 /* Main.storyboard */; };
		D149E4EE29808E3500EEE8B2 /* Assets.xcassets in Resources */ = {isa = PBXBuildFile; fileRef = D149E4ED29808E3500EEE8B2 /* Assets.xcassets */; };
		D149E4F129808E3500EEE8B2 /* LaunchScreen.storyboard in Resources */ = {isa = PBXBuildFile; fileRef = D149E4EF29808E3500EEE8B2 /* LaunchScreen.storyboard */; };
/* End PBXBuildFile section */

/* Begin PBXFileReference section */
		D1168DEA2981DB5000C9CB1E /* sticker-strawberry.png */ = {isa = PBXFileReference; lastKnownFileType = image.png; path = "sticker-strawberry.png"; sourceTree = "<group>"; };
		D1168DEB2981DB5000C9CB1E /* bell.png */ = {isa = PBXFileReference; lastKnownFileType = image.png; path = bell.png; sourceTree = "<group>"; };
		D1168DEC2981DB5000C9CB1E /* Quit.png */ = {isa = PBXFileReference; lastKnownFileType = image.png; path = Quit.png; sourceTree = "<group>"; };
		D1168DED2981DB5000C9CB1E /* sticker-bell.png */ = {isa = PBXFileReference; lastKnownFileType = image.png; path = "sticker-bell.png"; sourceTree = "<group>"; };
		D1168DEE2981DB5000C9CB1E /* sticker-seven.png */ = {isa = PBXFileReference; lastKnownFileType = image.png; path = "sticker-seven.png"; sourceTree = "<group>"; };
		D1168DEF2981DB5000C9CB1E /* Reset.png */ = {isa = PBXFileReference; lastKnownFileType = image.png; path = Reset.png; sourceTree = "<group>"; };
		D1168DF02981DB5000C9CB1E /* grape.png */ = {isa = PBXFileReference; lastKnownFileType = image.png; path = grape.png; sourceTree = "<group>"; };
		D1168DF12981DB5000C9CB1E /* sticker-cherry.png */ = {isa = PBXFileReference; lastKnownFileType = image.png; path = "sticker-cherry.png"; sourceTree = "<group>"; };
		D1168DF22981DB5000C9CB1E /* cherry.png */ = {isa = PBXFileReference; lastKnownFileType = image.png; path = cherry.png; sourceTree = "<group>"; };
		D1168DF32981DB5000C9CB1E /* casino-chips.png */ = {isa = PBXFileReference; lastKnownFileType = image.png; path = "casino-chips.png"; sourceTree = "<group>"; };
		D1168DF42981DB5000C9CB1E /* seven-reel.png */ = {isa = PBXFileReference; lastKnownFileType = image.png; path = "seven-reel.png"; sourceTree = "<group>"; };
		D1168DF52981DB5000C9CB1E /* sticker-coin.png */ = {isa = PBXFileReference; lastKnownFileType = image.png; path = "sticker-coin.png"; sourceTree = "<group>"; };
		D1168DF62981DB5000C9CB1E /* reel.png */ = {isa = PBXFileReference; lastKnownFileType = image.png; path = reel.png; sourceTree = "<group>"; };
		D1168DF72981DB5000C9CB1E /* strawberry.png */ = {isa = PBXFileReference; lastKnownFileType = image.png; path = strawberry.png; sourceTree = "<group>"; };
		D1168DF82981DB5000C9CB1E /* sticker-grape.png */ = {isa = PBXFileReference; lastKnownFileType = image.png; path = "sticker-grape.png"; sourceTree = "<group>"; };
		D1168DF92981DB5000C9CB1E /* coin.png */ = {isa = PBXFileReference; lastKnownFileType = image.png; path = coin.png; sourceTree = "<group>"; };
		D1168E0A2981DBA600C9CB1E /* Background.jpg */ = {isa = PBXFileReference; lastKnownFileType = image.jpeg; path = Background.jpg; sourceTree = "<group>"; };
		D1168E0C2982151500C9CB1E /* Spin.jpg */ = {isa = PBXFileReference; lastKnownFileType = image.jpeg; path = Spin.jpg; sourceTree = "<group>"; };
		D149E4DD29808E3400EEE8B2 /* SlotMachine.app */ = {isa = PBXFileReference; explicitFileType = wrapper.application; includeInIndex = 0; path = SlotMachine.app; sourceTree = BUILT_PRODUCTS_DIR; };
		D149E4E029808E3400EEE8B2 /* AppDelegate.swift */ = {isa = PBXFileReference; lastKnownFileType = sourcecode.swift; path = AppDelegate.swift; sourceTree = "<group>"; };
		D149E4E229808E3400EEE8B2 /* GameScene.sks */ = {isa = PBXFileReference; lastKnownFileType = file.sks; path = GameScene.sks; sourceTree = "<group>"; };
		D149E4E429808E3400EEE8B2 /* Actions.sks */ = {isa = PBXFileReference; lastKnownFileType = file.sks; path = Actions.sks; sourceTree = "<group>"; };
		D149E4E629808E3400EEE8B2 /* GameScene.swift */ = {isa = PBXFileReference; lastKnownFileType = sourcecode.swift; path = GameScene.swift; sourceTree = "<group>"; };
		D149E4E829808E3400EEE8B2 /* GameViewController.swift */ = {isa = PBXFileReference; lastKnownFileType = sourcecode.swift; path = GameViewController.swift; sourceTree = "<group>"; };
		D149E4EB29808E3400EEE8B2 /* Base */ = {isa = PBXFileReference; lastKnownFileType = file.storyboard; name = Base; path = Base.lproj/Main.storyboard; sourceTree = "<group>"; };
		D149E4ED29808E3500EEE8B2 /* Assets.xcassets */ = {isa = PBXFileReference; lastKnownFileType = folder.assetcatalog; path = Assets.xcassets; sourceTree = "<group>"; };
		D149E4F029808E3500EEE8B2 /* Base */ = {isa = PBXFileReference; lastKnownFileType = file.storyboard; name = Base; path = Base.lproj/LaunchScreen.storyboard; sourceTree = "<group>"; };
/* End PBXFileReference section */

/* Begin PBXFrameworksBuildPhase section */
		D149E4DA29808E3400EEE8B2 /* Frameworks */ = {
			isa = PBXFrameworksBuildPhase;
			buildActionMask = 2147483647;
			files = (
			);
			runOnlyForDeploymentPostprocessing = 0;
		};
/* End PBXFrameworksBuildPhase section */

/* Begin PBXGroup section */
		D1168DE92981DB5000C9CB1E /* Assets */ = {
			isa = PBXGroup;
			children = (
				D1168E0A2981DBA600C9CB1E /* Background.jpg */,
				D1168E0C2982151500C9CB1E /* Spin.jpg */,
				D1168DEA2981DB5000C9CB1E /* sticker-strawberry.png */,
				D1168DEB2981DB5000C9CB1E /* bell.png */,
				D1168DEC2981DB5000C9CB1E /* Quit.png */,
				D1168DED2981DB5000C9CB1E /* sticker-bell.png */,
				D1168DEE2981DB5000C9CB1E /* sticker-seven.png */,
				D1168DEF2981DB5000C9CB1E /* Reset.png */,
				D1168DF02981DB5000C9CB1E /* grape.png */,
				D1168DF12981DB5000C9CB1E /* sticker-cherry.png */,
				D1168DF22981DB5000C9CB1E /* cherry.png */,
				D1168DF32981DB5000C9CB1E /* casino-chips.png */,
				D1168DF42981DB5000C9CB1E /* seven-reel.png */,
				D1168DF52981DB5000C9CB1E /* sticker-coin.png */,
				D1168DF62981DB5000C9CB1E /* reel.png */,
				D1168DF72981DB5000C9CB1E /* strawberry.png */,
				D1168DF82981DB5000C9CB1E /* sticker-grape.png */,
				D1168DF92981DB5000C9CB1E /* coin.png */,
			);
			path = Assets;
			sourceTree = "<group>";
		};
		D149E4D429808E3400EEE8B2 = {
			isa = PBXGroup;
			children = (
				D149E4DF29808E3400EEE8B2 /* SlotMachine */,
				D149E4DE29808E3400EEE8B2 /* Products */,
			);
			sourceTree = "<group>";
		};
		D149E4DE29808E3400EEE8B2 /* Products */ = {
			isa = PBXGroup;
			children = (
				D149E4DD29808E3400EEE8B2 /* SlotMachine.app */,
			);
			name = Products;
			sourceTree = "<group>";
		};
		D149E4DF29808E3400EEE8B2 /* SlotMachine */ = {
			isa = PBXGroup;
			children = (
				D1168DE92981DB5000C9CB1E /* Assets */,
				D149E4E029808E3400EEE8B2 /* AppDelegate.swift */,
				D149E4E229808E3400EEE8B2 /* GameScene.sks */,
				D149E4E429808E3400EEE8B2 /* Actions.sks */,
				D149E4E629808E3400EEE8B2 /* GameScene.swift */,
				D149E4E829808E3400EEE8B2 /* GameViewController.swift */,
				D149E4EA29808E3400EEE8B2 /* Main.storyboard */,
				D149E4ED29808E3500EEE8B2 /* Assets.xcassets */,
				D149E4EF29808E3500EEE8B2 /* LaunchScreen.storyboard */,
			);
			path = SlotMachine;
			sourceTree = "<group>";
		};
/* End PBXGroup section */

/* Begin PBXNativeTarget section */
		D149E4DC29808E3400EEE8B2 /* SlotMachine */ = {
			isa = PBXNativeTarget;
			buildConfigurationList = D149E4F429808E3500EEE8B2 /* Build configuration list for PBXNativeTarget "SlotMachine" */;
			buildPhases = (
				D149E4D929808E3400EEE8B2 /* Sources */,
				D149E4DA29808E3400EEE8B2 /* Frameworks */,
				D149E4DB29808E3400EEE8B2 /* Resources */,
			);
			buildRules = (
			);
			dependencies = (
			);
			name = SlotMachine;
			productName = SlotMachine;
			productReference = D149E4DD29808E3400EEE8B2 /* SlotMachine.app */;
			productType = "com.apple.product-type.application";
		};
/* End PBXNativeTarget section */

/* Begin PBXProject section */
		D149E4D529808E3400EEE8B2 /* Project object */ = {
			isa = PBXProject;
			attributes = {
				BuildIndependentTargetsInParallel = 1;
				LastSwiftUpdateCheck = 1420;
				LastUpgradeCheck = 1420;
				TargetAttributes = {
					D149E4DC29808E3400EEE8B2 = {
						CreatedOnToolsVersion = 14.2;
					};
				};
			};
			buildConfigurationList = D149E4D829808E3400EEE8B2 /* Build configuration list for PBXProject "SlotMachine" */;
			compatibilityVersion = "Xcode 14.0";
			developmentRegion = en;
			hasScannedForEncodings = 0;
			knownRegions = (
				en,
				Base,
			);
			mainGroup = D149E4D429808E3400EEE8B2;
			productRefGroup = D149E4DE29808E3400EEE8B2 /* Products */;
			projectDirPath = "";
			projectRoot = "";
			targets = (
				D149E4DC29808E3400EEE8B2 /* SlotMachine */,
			);
		};
/* End PBXProject section */

/* Begin PBXResourcesBuildPhase section */
		D149E4DB29808E3400EEE8B2 /* Resources */ = {
			isa = PBXResourcesBuildPhase;
			buildActionMask = 2147483647;
			files = (
				D1168DFB2981DB5000C9CB1E /* bell.png in Resources */,
				D1168E0B2981DBA600C9CB1E /* Background.jpg in Resources */,
				D1168DFA2981DB5000C9CB1E /* sticker-strawberry.png in Resources */,
				D1168E012981DB5000C9CB1E /* sticker-cherry.png in Resources */,
				D1168E072981DB5000C9CB1E /* strawberry.png in Resources */,
				D1168DFF2981DB5000C9CB1E /* Reset.png in Resources */,
				D1168E082981DB5000C9CB1E /* sticker-grape.png in Resources */,
				D1168E002981DB5000C9CB1E /* grape.png in Resources */,
				D1168E0D2982151500C9CB1E /* Spin.jpg in Resources */,
				D149E4EC29808E3400EEE8B2 /* Main.storyboard in Resources */,
				D1168DFE2981DB5000C9CB1E /* sticker-seven.png in Resources */,
				D1168E042981DB5000C9CB1E /* seven-reel.png in Resources */,
				D1168E052981DB5000C9CB1E /* sticker-coin.png in Resources */,
				D149E4E329808E3400EEE8B2 /* GameScene.sks in Resources */,
				D149E4EE29808E3500EEE8B2 /* Assets.xcassets in Resources */,
				D1168E062981DB5000C9CB1E /* reel.png in Resources */,
				D149E4F129808E3500EEE8B2 /* LaunchScreen.storyboard in Resources */,
				D1168E022981DB5000C9CB1E /* cherry.png in Resources */,
				D1168DFD2981DB5000C9CB1E /* sticker-bell.png in Resources */,
				D1168DFC2981DB5000C9CB1E /* Quit.png in Resources */,
				D149E4E529808E3400EEE8B2 /* Actions.sks in Resources */,
				D1168E032981DB5000C9CB1E /* casino-chips.png in Resources */,
				D1168E092981DB5000C9CB1E /* coin.png in Resources */,
			);
			runOnlyForDeploymentPostprocessing = 0;
		};
/* End PBXResourcesBuildPhase section */

/* Begin PBXSourcesBuildPhase section */
		D149E4D929808E3400EEE8B2 /* Sources */ = {
			isa = PBXSourcesBuildPhase;
			buildActionMask = 2147483647;
			files = (
				D149E4E729808E3400EEE8B2 /* GameScene.swift in Sources */,
				D149E4E929808E3400EEE8B2 /* GameViewController.swift in Sources */,
				D149E4E129808E3400EEE8B2 /* AppDelegate.swift in Sources */,
			);
			runOnlyForDeploymentPostprocessing = 0;
		};
/* End PBXSourcesBuildPhase section */

/* Begin PBXVariantGroup section */
		D149E4EA29808E3400EEE8B2 /* Main.storyboard */ = {
			isa = PBXVariantGroup;
			children = (
				D149E4EB29808E3400EEE8B2 /* Base */,
			);
			name = Main.storyboard;
			sourceTree = "<group>";
		};
		D149E4EF29808E3500EEE8B2 /* LaunchScreen.storyboard */ = {
			isa = PBXVariantGroup;
			children = (
				D149E4F029808E3500EEE8B2 /* Base */,
			);
			name = LaunchScreen.storyboard;
			sourceTree = "<group>";
		};
/* End PBXVariantGroup section */

/* Begin XCBuildConfiguration section */
		D149E4F229808E3500EEE8B2 /* Debug */ = {
			isa = XCBuildConfiguration;
			buildSettings = {
				ALWAYS_SEARCH_USER_PATHS = NO;
				CLANG_ANALYZER_NONNULL = YES;
				CLANG_ANALYZER_NUMBER_OBJECT_CONVERSION = YES_AGGRESSIVE;
				CLANG_CXX_LANGUAGE_STANDARD = "gnu++20";
				CLANG_ENABLE_MODULES = YES;
				CLANG_ENABLE_OBJC_ARC = YES;
				CLANG_ENABLE_OBJC_WEAK = YES;
				CLANG_WARN_BLOCK_CAPTURE_AUTORELEASING = YES;
				CLANG_WARN_BOOL_CONVERSION = YES;
				CLANG_WARN_COMMA = YES;
				CLANG_WARN_CONSTANT_CONVERSION = YES;
				CLANG_WARN_DEPRECATED_OBJC_IMPLEMENTATIONS = YES;
				CLANG_WARN_DIRECT_OBJC_ISA_USAGE = YES_ERROR;
				CLANG_WARN_DOCUMENTATION_COMMENTS = YES;
				CLANG_WARN_EMPTY_BODY = YES;
				CLANG_WARN_ENUM_CONVERSION = YES;
				CLANG_WARN_INFINITE_RECURSION = YES;
				CLANG_WARN_INT_CONVERSION = YES;
				CLANG_WARN_NON_LITERAL_NULL_CONVERSION = YES;
				CLANG_WARN_OBJC_IMPLICIT_RETAIN_SELF = YES;
				CLANG_WARN_OBJC_LITERAL_CONVERSION = YES;
				CLANG_WARN_OBJC_ROOT_CLASS = YES_ERROR;
				CLANG_WARN_QUOTED_INCLUDE_IN_FRAMEWORK_HEADER = YES;
				CLANG_WARN_RANGE_LOOP_ANALYSIS = YES;
				CLANG_WARN_STRICT_PROTOTYPES = YES;
				CLANG_WARN_SUSPICIOUS_MOVE = YES;
				CLANG_WARN_UNGUARDED_AVAILABILITY = YES_AGGRESSIVE;
				CLANG_WARN_UNREACHABLE_CODE = YES;
				CLANG_WARN__DUPLICATE_METHOD_MATCH = YES;
				COPY_PHASE_STRIP = NO;
				DEBUG_INFORMATION_FORMAT = dwarf;
				ENABLE_STRICT_OBJC_MSGSEND = YES;
				ENABLE_TESTABILITY = YES;
				GCC_C_LANGUAGE_STANDARD = gnu11;
				GCC_DYNAMIC_NO_PIC = NO;
				GCC_NO_COMMON_BLOCKS = YES;
				GCC_OPTIMIZATION_LEVEL = 0;
				GCC_PREPROCESSOR_DEFINITIONS = (
					"DEBUG=1",
					"$(inherited)",
				);
				GCC_WARN_64_TO_32_BIT_CONVERSION = YES;
				GCC_WARN_ABOUT_RETURN_TYPE = YES_ERROR;
				GCC_WARN_UNDECLARED_SELECTOR = YES;
				GCC_WARN_UNINITIALIZED_AUTOS = YES_AGGRESSIVE;
				GCC_WARN_UNUSED_FUNCTION = YES;
				GCC_WARN_UNUSED_VARIABLE = YES;
				IPHONEOS_DEPLOYMENT_TARGET = 16.2;
				MTL_ENABLE_DEBUG_INFO = INCLUDE_SOURCE;
				MTL_FAST_MATH = YES;
				ONLY_ACTIVE_ARCH = YES;
				SDKROOT = iphoneos;
				SWIFT_ACTIVE_COMPILATION_CONDITIONS = DEBUG;
				SWIFT_OPTIMIZATION_LEVEL = "-Onone";
			};
			name = Debug;
		};
		D149E4F329808E3500EEE8B2 /* Release */ = {
			isa = XCBuildConfiguration;
			buildSettings = {
				ALWAYS_SEARCH_USER_PATHS = NO;
				CLANG_ANALYZER_NONNULL = YES;
				CLANG_ANALYZER_NUMBER_OBJECT_CONVERSION = YES_AGGRESSIVE;
				CLANG_CXX_LANGUAGE_STANDARD = "gnu++20";
				CLANG_ENABLE_MODULES = YES;
				CLANG_ENABLE_OBJC_ARC = YES;
				CLANG_ENABLE_OBJC_WEAK = YES;
				CLANG_WARN_BLOCK_CAPTURE_AUTORELEASING = YES;
				CLANG_WARN_BOOL_CONVERSION = YES;
				CLANG_WARN_COMMA = YES;
				CLANG_WARN_CONSTANT_CONVERSION = YES;
				CLANG_WARN_DEPRECATED_OBJC_IMPLEMENTATIONS = YES;
				CLANG_WARN_DIRECT_OBJC_ISA_USAGE = YES_ERROR;
				CLANG_WARN_DOCUMENTATION_COMMENTS = YES;
				CLANG_WARN_EMPTY_BODY = YES;
				CLANG_WARN_ENUM_CONVERSION = YES;
				CLANG_WARN_INFINITE_RECURSION = YES;
				CLANG_WARN_INT_CONVERSION = YES;
				CLANG_WARN_NON_LITERAL_NULL_CONVERSION = YES;
				CLANG_WARN_OBJC_IMPLICIT_RETAIN_SELF = YES;
				CLANG_WARN_OBJC_LITERAL_CONVERSION = YES;
				CLANG_WARN_OBJC_ROOT_CLASS = YES_ERROR;
				CLANG_WARN_QUOTED_INCLUDE_IN_FRAMEWORK_HEADER = YES;
				CLANG_WARN_RANGE_LOOP_ANALYSIS = YES;
				CLANG_WARN_STRICT_PROTOTYPES = YES;
				CLANG_WARN_SUSPICIOUS_MOVE = YES;
				CLANG_WARN_UNGUARDED_AVAILABILITY = YES_AGGRESSIVE;
				CLANG_WARN_UNREACHABLE_CODE = YES;
				CLANG_WARN__DUPLICATE_METHOD_MATCH = YES;
				COPY_PHASE_STRIP = NO;
				DEBUG_INFORMATION_FORMAT = "dwarf-with-dsym";
				ENABLE_NS_ASSERTIONS = NO;
				ENABLE_STRICT_OBJC_MSGSEND = YES;
				GCC_C_LANGUAGE_STANDARD = gnu11;
				GCC_NO_COMMON_BLOCKS = YES;
				GCC_WARN_64_TO_32_BIT_CONVERSION = YES;
				GCC_WARN_ABOUT_RETURN_TYPE = YES_ERROR;
				GCC_WARN_UNDECLARED_SELECTOR = YES;
				GCC_WARN_UNINITIALIZED_AUTOS = YES_AGGRESSIVE;
				GCC_WARN_UNUSED_FUNCTION = YES;
				GCC_WARN_UNUSED_VARIABLE = YES;
				IPHONEOS_DEPLOYMENT_TARGET = 16.2;
				MTL_ENABLE_DEBUG_INFO = NO;
				MTL_FAST_MATH = YES;
				SDKROOT = iphoneos;
				SWIFT_COMPILATION_MODE = wholemodule;
				SWIFT_OPTIMIZATION_LEVEL = "-O";
				VALIDATE_PRODUCT = YES;
			};
			name = Release;
		};
		D149E4F529808E3500EEE8B2 /* Debug */ = {
			isa = XCBuildConfiguration;
			buildSettings = {
				ASSETCATALOG_COMPILER_APPICON_NAME = AppIcon;
				ASSETCATALOG_COMPILER_GLOBAL_ACCENT_COLOR_NAME = AccentColor;
				CODE_SIGN_STYLE = Automatic;
				CURRENT_PROJECT_VERSION = 1;
				GENERATE_INFOPLIST_FILE = YES;
				INFOPLIST_KEY_UIApplicationSupportsIndirectInputEvents = YES;
				INFOPLIST_KEY_UILaunchStoryboardName = LaunchScreen;
				INFOPLIST_KEY_UIMainStoryboardFile = Main;
				INFOPLIST_KEY_UIStatusBarHidden = YES;
				INFOPLIST_KEY_UISupportedInterfaceOrientations_iPad = "UIInterfaceOrientationPortrait UIInterfaceOrientationPortraitUpsideDown UIInterfaceOrientationLandscapeLeft UIInterfaceOrientationLandscapeRight";
				INFOPLIST_KEY_UISupportedInterfaceOrientations_iPhone = "UIInterfaceOrientationPortrait UIInterfaceOrientationLandscapeLeft UIInterfaceOrientationLandscapeRight";
				LD_RUNPATH_SEARCH_PATHS = (
					"$(inherited)",
					"@executable_path/Frameworks",
				);
				MARKETING_VERSION = 1.0;
				PRODUCT_BUNDLE_IDENTIFIER = ca.centennial.college.SlotMachine;
				PRODUCT_NAME = "$(TARGET_NAME)";
				SWIFT_EMIT_LOC_STRINGS = YES;
				SWIFT_VERSION = 5.0;
				TARGETED_DEVICE_FAMILY = "1,2";
			};
			name = Debug;
		};
		D149E4F629808E3500EEE8B2 /* Release */ = {
			isa = XCBuildConfiguration;
			buildSettings = {
				ASSETCATALOG_COMPILER_APPICON_NAME = AppIcon;
				ASSETCATALOG_COMPILER_GLOBAL_ACCENT_COLOR_NAME = AccentColor;
				CODE_SIGN_STYLE = Automatic;
				CURRENT_PROJECT_VERSION = 1;
				GENERATE_INFOPLIST_FILE = YES;
				INFOPLIST_KEY_UIApplicationSupportsIndirectInputEvents = YES;
				INFOPLIST_KEY_UILaunchStoryboardName = LaunchScreen;
				INFOPLIST_KEY_UIMainStoryboardFile = Main;
				INFOPLIST_KEY_UIStatusBarHidden = YES;
				INFOPLIST_KEY_UISupportedInterfaceOrientations_iPad = "UIInterfaceOrientationPortrait UIInterfaceOrientationPortraitUpsideDown UIInterfaceOrientationLandscapeLeft UIInterfaceOrientationLandscapeRight";
				INFOPLIST_KEY_UISupportedInterfaceOrientations_iPhone = "UIInterfaceOrientationPortrait UIInterfaceOrientationLandscapeLeft UIInterfaceOrientationLandscapeRight";
				LD_RUNPATH_SEARCH_PATHS = (
					"$(inherited)",
					"@executable_path/Frameworks",
				);
				MARKETING_VERSION = 1.0;
				PRODUCT_BUNDLE_IDENTIFIER = ca.centennial.college.SlotMachine;
				PRODUCT_NAME = "$(TARGET_NAME)";
				SWIFT_EMIT_LOC_STRINGS = YES;
				SWIFT_VERSION = 5.0;
				TARGETED_DEVICE_FAMILY = "1,2";
			};
			name = Release;
		};
/* End XCBuildConfiguration section */

/* Begin XCConfigurationList section */
		D149E4D829808E3400EEE8B2 /* Build configuration list for PBXProject "SlotMachine" */ = {
			isa = XCConfigurationList;
			buildConfigurations = (
				D149E4F229808E3500EEE8B2 /* Debug */,
				D149E4F329808E3500EEE8B2 /* Release */,
			);
			defaultConfigurationIsVisible = 0;
			defaultConfigurationName = Release;
		};
		D149E4F429808E3500EEE8B2 /* Build configuration list for PBXNativeTarget "SlotMachine" */ = {
			isa = XCConfigurationList;
			buildConfigurations = (
				D149E4F529808E3500EEE8B2 /* Debug */,
				D149E4F629808E3500EEE8B2 /* Release */,
			);
			defaultConfigurationIsVisible = 0;
			defaultConfigurationName = Release;
		};
/* End XCConfigurationList section */
	};
	rootObject = D149E4D529808E3400EEE8B2 /* Project object */;
}
